
Microsoft Visual Studio Solution File, Format Version 12.00
# Visual Studio 15
VisualStudioVersion = 15.0.26430.15
MinimumVisualStudioVersion = 10.0.40219.1
Project("{FAE04EC0-301F-11D3-BF4B-00C04F79EFBC}") = "FHWebsite", "FHWebsite\FHWebsite.csproj", "{DA268840-9EF7-4C9F-975D-EF3872C97346}"
EndProject
Global
	GlobalSection(SolutionConfigurationPlatforms) = preSolution
		Debug|Any CPU = Debug|Any CPU
		Release|Any CPU = Release|Any CPU
	EndGlobalSection
	GlobalSection(ProjectConfigurationPlatforms) = postSolution
		{DA268840-9EF7-4C9F-975D-EF3872C97346}.Debug|Any CPU.ActiveCfg = Debug|Any CPU
		{DA268840-9EF7-4C9F-975D-EF3872C97346}.Debug|Any CPU.Build.0 = Debug|Any CPU
		{DA268840-9EF7-4C9F-975D-EF3872C97346}.Release|Any CPU.ActiveCfg = Release|Any CPU
		{DA268840-9EF7-4C9F-975D-EF3872C97346}.Release|Any CPU.Build.0 = Release|Any CPU
	EndGlobalSection
	GlobalSection(SolutionProperties) = preSolution
		HideSolutionNode = FALSE
	EndGlobalSection
EndGlobal
